
Microsoft Visual Studio Solution File, Format Version 12.00
# Visual Studio Version 17
VisualStudioVersion = 17.0.31903.59
MinimumVisualStudioVersion = 10.0.40219.1
Project("{2150E333-8FDC-42A3-9474-1A3956D46DE8}") = "src", "src", "{827E0CD3-B72D-47B6-A68D-7590B98EB39B}"
EndProject
Project("{FAE04EC0-301F-11D3-BF4B-00C04F79EFBC}") = "SierraNueva.Contracts", "src\SierraNueva.Contracts\SierraNueva.Contracts.csproj", "{CF5E90E1-7B7C-45AE-B1C5-60D91DF667AC}"
EndProject
Project("{FAE04EC0-301F-11D3-BF4B-00C04F79EFBC}") = "SierraNueva.Core", "src\SierraNueva.Core\SierraNueva.Core.csproj", "{563265B4-DDA9-4A01-9047-D0E0DD07F8E8}"
EndProject
Project("{FAE04EC0-301F-11D3-BF4B-00C04F79EFBC}") = "SierraNueva.Infrastructure", "src\SierraNueva.Infrastructure\SierraNueva.Infrastructure.csproj", "{F3E34369-A7A8-4E86-96A6-9EB447054248}"
EndProject
Project("{FAE04EC0-301F-11D3-BF4B-00C04F79EFBC}") = "SierraNueva.Crawler", "src\SierraNueva.Crawler\SierraNueva.Crawler.csproj", "{70F7D73E-B0CB-4881-A14C-C6AE65E0AD77}"
EndProject
Project("{FAE04EC0-301F-11D3-BF4B-00C04F79EFBC}") = "SierraNueva.Web", "src\SierraNueva.Web\SierraNueva.Web.csproj", "{39F15E2C-C0EF-419E-827E-178952E6722B}"
EndProject
Project("{2150E333-8FDC-42A3-9474-1A3956D46DE8}") = "tests", "tests", "{0AB3BF05-4346-4AA6-1389-037BE0695223}"
EndProject
Project("{FAE04EC0-301F-11D3-BF4B-00C04F79EFBC}") = "SierraNueva.Core.Tests", "tests\SierraNueva.Core.Tests\SierraNueva.Core.Tests.csproj", "{E23E64B2-CB7C-4F9E-8ABA-68C43F675B5A}"
EndProject
Project("{FAE04EC0-301F-11D3-BF4B-00C04F79EFBC}") = "SierraNueva.Infrastructure.Tests", "tests\SierraNueva.Infrastructure.Tests\SierraNueva.Infrastructure.Tests.csproj", "{DFACA931-B008-4747-9C0D-1B5A8AA7D921}"
EndProject
Project("{FAE04EC0-301F-11D3-BF4B-00C04F79EFBC}") = "SierraNueva.Web.Tests", "tests\SierraNueva.Web.Tests\SierraNueva.Web.Tests.csproj", "{B20EE96C-8788-404E-AFFF-F307571A8A54}"
EndProject
Global
	GlobalSection(SolutionConfigurationPlatforms) = preSolution
		Debug|Any CPU = Debug|Any CPU
		Debug|x64 = Debug|x64
		Debug|x86 = Debug|x86
		Release|Any CPU = Release|Any CPU
		Release|x64 = Release|x64
		Release|x86 = Release|x86
	EndGlobalSection
	GlobalSection(ProjectConfigurationPlatforms) = postSolution
		{CF5E90E1-7B7C-45AE-B1C5-60D91DF667AC}.Debug|Any CPU.ActiveCfg = Debug|Any CPU
		{CF5E90E1-7B7C-45AE-B1C5-60D91DF667AC}.Debug|Any CPU.Build.0 = Debug|Any CPU
		{CF5E90E1-7B7C-45AE-B1C5-60D91DF667AC}.Debug|x64.ActiveCfg = Debug|Any CPU
		{CF5E90E1-7B7C-45AE-B1C5-60D91DF667AC}.Debug|x64.Build.0 = Debug|Any CPU
		{CF5E90E1-7B7C-45AE-B1C5-60D91DF667AC}.Debug|x86.ActiveCfg = Debug|Any CPU
		{CF5E90E1-7B7C-45AE-B1C5-60D91DF667AC}.Debug|x86.Build.0 = Debug|Any CPU
		{CF5E90E1-7B7C-45AE-B1C5-60D91DF667AC}.Release|Any CPU.ActiveCfg = Release|Any CPU
		{CF5E90E1-7B7C-45AE-B1C5-60D91DF667AC}.Release|Any CPU.Build.0 = Release|Any CPU
		{CF5E90E1-7B7C-45AE-B1C5-60D91DF667AC}.Release|x64.ActiveCfg = Release|Any CPU
		{CF5E90E1-7B7C-45AE-B1C5-60D91DF667AC}.Release|x64.Build.0 = Release|Any CPU
		{CF5E90E1-7B7C-45AE-B1C5-60D91DF667AC}.Release|x86.ActiveCfg = Release|Any CPU
		{CF5E90E1-7B7C-45AE-B1C5-60D91DF667AC}.Release|x86.Build.0 = Release|Any CPU
		{563265B4-DDA9-4A01-9047-D0E0DD07F8E8}.Debug|Any CPU.ActiveCfg = Debug|Any CPU
		{563265B4-DDA9-4A01-9047-D0E0DD07F8E8}.Debug|Any CPU.Build.0 = Debug|Any CPU
		{563265B4-DDA9-4A01-9047-D0E0DD07F8E8}.Debug|x64.ActiveCfg = Debug|Any CPU
		{563265B4-DDA9-4A01-9047-D0E0DD07F8E8}.Debug|x64.Build.0 = Debug|Any CPU
		{563265B4-DDA9-4A01-9047-D0E0DD07F8E8}.Debug|x86.ActiveCfg = Debug|Any CPU
		{563265B4-DDA9-4A01-9047-D0E0DD07F8E8}.Debug|x86.Build.0 = Debug|Any CPU
		{563265B4-DDA9-4A01-9047-D0E0DD07F8E8}.Release|Any CPU.ActiveCfg = Release|Any CPU
		{563265B4-DDA9-4A01-9047-D0E0DD07F8E8}.Release|Any CPU.Build.0 = Release|Any CPU
		{563265B4-DDA9-4A01-9047-D0E0DD07F8E8}.Release|x64.ActiveCfg = Release|Any CPU
		{563265B4-DDA9-4A01-9047-D0E0DD07F8E8}.Release|x64.Build.0 = Release|Any CPU
		{563265B4-DDA9-4A01-9047-D0E0DD07F8E8}.Release|x86.ActiveCfg = Release|Any CPU
		{563265B4-DDA9-4A01-9047-D0E0DD07F8E8}.Release|x86.Build.0 = Release|Any CPU
		{F3E34369-A7A8-4E86-96A6-9EB447054248}.Debug|Any CPU.ActiveCfg = Debug|Any CPU
		{F3E34369-A7A8-4E86-96A6-9EB447054248}.Debug|Any CPU.Build.0 = Debug|Any CPU
		{F3E34369-A7A8-4E86-96A6-9EB447054248}.Debug|x64.ActiveCfg = Debug|Any CPU
		{F3E34369-A7A8-4E86-96A6-9EB447054248}.Debug|x64.Build.0 = Debug|Any CPU
		{F3E34369-A7A8-4E86-96A6-9EB447054248}.Debug|x86.ActiveCfg = Debug|Any CPU
		{F3E34369-A7A8-4E86-96A6-9EB447054248}.Debug|x86.Build.0 = Debug|Any CPU
		{F3E34369-A7A8-4E86-96A6-9EB447054248}.Release|Any CPU.ActiveCfg = Release|Any CPU
		{F3E34369-A7A8-4E86-96A6-9EB447054248}.Release|Any CPU.Build.0 = Release|Any CPU
		{F3E34369-A7A8-4E86-96A6-9EB447054248}.Release|x64.ActiveCfg = Release|Any CPU
		{F3E34369-A7A8-4E86-96A6-9EB447054248}.Release|x64.Build.0 = Release|Any CPU
		{F3E34369-A7A8-4E86-96A6-9EB447054248}.Release|x86.ActiveCfg = Release|Any CPU
		{F3E34369-A7A8-4E86-96A6-9EB447054248}.Release|x86.Build.0 = Release|Any CPU
		{70F7D73E-B0CB-4881-A14C-C6AE65E0AD77}.Debug|Any CPU.ActiveCfg = Debug|Any CPU
		{70F7D73E-B0CB-4881-A14C-C6AE65E0AD77}.Debug|Any CPU.Build.0 = Debug|Any CPU
		{70F7D73E-B0CB-4881-A14C-C6AE65E0AD77}.Debug|x64.ActiveCfg = Debug|Any CPU
		{70F7D73E-B0CB-4881-A14C-C6AE65E0AD77}.Debug|x64.Build.0 = Debug|Any CPU
		{70F7D73E-B0CB-4881-A14C-C6AE65E0AD77}.Debug|x86.ActiveCfg = Debug|Any CPU
		{70F7D73E-B0CB-4881-A14C-C6AE65E0AD77}.Debug|x86.Build.0 = Debug|Any CPU
		{70F7D73E-B0CB-4881-A14C-C6AE65E0AD77}.Release|Any CPU.ActiveCfg = Release|Any CPU
		{70F7D73E-B0CB-4881-A14C-C6AE65E0AD77}.Release|Any CPU.Build.0 = Release|Any CPU
		{70F7D73E-B0CB-4881-A14C-C6AE65E0AD77}.Release|x64.ActiveCfg = Release|Any CPU
		{70F7D73E-B0CB-4881-A14C-C6AE65E0AD77}.Release|x64.Build.0 = Release|Any CPU
		{70F7D73E-B0CB-4881-A14C-C6AE65E0AD77}.Release|x86.ActiveCfg = Release|Any CPU
		{70F7D73E-B0CB-4881-A14C-C6AE65E0AD77}.Release|x86.Build.0 = Release|Any CPU
		{39F15E2C-C0EF-419E-827E-178952E6722B}.Debug|Any CPU.ActiveCfg = Debug|Any CPU
		{39F15E2C-C0EF-419E-827E-178952E6722B}.Debug|Any CPU.Build.0 = Debug|Any CPU
		{39F15E2C-C0EF-419E-827E-178952E6722B}.Debug|x64.ActiveCfg = Debug|Any CPU
		{39F15E2C-C0EF-419E-827E-178952E6722B}.Debug|x64.Build.0 = Debug|Any CPU
		{39F15E2C-C0EF-419E-827E-178952E6722B}.Debug|x86.ActiveCfg = Debug|Any CPU
		{39F15E2C-C0EF-419E-827E-178952E6722B}.Debug|x86.Build.0 = Debug|Any CPU
		{39F15E2C-C0EF-419E-827E-178952E6722B}.Release|Any CPU.ActiveCfg = Release|Any CPU
		{39F15E2C-C0EF-419E-827E-178952E6722B}.Release|Any CPU.Build.0 = Release|Any CPU
		{39F15E2C-C0EF-419E-827E-178952E6722B}.Release|x64.ActiveCfg = Release|Any CPU
		{39F15E2C-C0EF-419E-827E-178952E6722B}.Release|x64.Build.0 = Release|Any CPU
		{39F15E2C-C0EF-419E-827E-178952E6722B}.Release|x86.ActiveCfg = Release|Any CPU
		{39F15E2C-C0EF-419E-827E-178952E6722B}.Release|x86.Build.0 = Release|Any CPU
		{E23E64B2-CB7C-4F9E-8ABA-68C43F675B5A}.Debug|Any CPU.ActiveCfg = Debug|Any CPU
		{E23E64B2-CB7C-4F9E-8ABA-68C43F675B5A}.Debug|Any CPU.Build.0 = Debug|Any CPU
		{E23E64B2-CB7C-4F9E-8ABA-68C43F675B5A}.Debug|x64.ActiveCfg = Debug|Any CPU
		{E23E64B2-CB7C-4F9E-8ABA-68C43F675B5A}.Debug|x64.Build.0 = Debug|Any CPU
		{E23E64B2-CB7C-4F9E-8ABA-68C43F675B5A}.Debug|x86.ActiveCfg = Debug|Any CPU
		{E23E64B2-CB7C-4F9E-8ABA-68C43F675B5A}.Debug|x86.Build.0 = Debug|Any CPU
		{E23E64B2-CB7C-4F9E-8ABA-68C43F675B5A}.Release|Any CPU.ActiveCfg = Release|Any CPU
		{E23E64B2-CB7C-4F9E-8ABA-68C43F675B5A}.Release|Any CPU.Build.0 = Release|Any CPU
		{E23E64B2-CB7C-4F9E-8ABA-68C43F675B5A}.Release|x64.ActiveCfg = Release|Any CPU
		{E23E64B2-CB7C-4F9E-8ABA-68C43F675B5A}.Release|x64.Build.0 = Release|Any CPU
		{E23E64B2-CB7C-4F9E-8ABA-68C43F675B5A}.Release|x86.ActiveCfg = Release|Any CPU
		{E23E64B2-CB7C-4F9E-8ABA-68C43F675B5A}.Release|x86.Build.0 = Release|Any CPU
		{DFACA931-B008-4747-9C0D-1B5A8AA7D921}.Debug|Any CPU.ActiveCfg = Debug|Any CPU
		{DFACA931-B008-4747-9C0D-1B5A8AA7D921}.Debug|Any CPU.Build.0 = Debug|Any CPU
		{DFACA931-B008-4747-9C0D-1B5A8AA7D921}.Debug|x64.ActiveCfg = Debug|Any CPU
		{DFACA931-B008-4747-9C0D-1B5A8AA7D921}.Debug|x64.Build.0 = Debug|Any CPU
		{DFACA931-B008-4747-9C0D-1B5A8AA7D921}.Debug|x86.ActiveCfg = Debug|Any CPU
		{DFACA931-B008-4747-9C0D-1B5A8AA7D921}.Debug|x86.Build.0 = Debug|Any CPU
		{DFACA931-B008-4747-9C0D-1B5A8AA7D921}.Release|Any CPU.ActiveCfg = Release|Any CPU
		{DFACA931-B008-4747-9C0D-1B5A8AA7D921}.Release|Any CPU.Build.0 = Release|Any CPU
		{DFACA931-B008-4747-9C0D-1B5A8AA7D921}.Release|x64.ActiveCfg = Release|Any CPU
		{DFACA931-B008-4747-9C0D-1B5A8AA7D921}.Release|x64.Build.0 = Release|Any CPU
		{DFACA931-B008-4747-9C0D-1B5A8AA7D921}.Release|x86.ActiveCfg = Release|Any CPU
		{DFACA931-B008-4747-9C0D-1B5A8AA7D921}.Release|x86.Build.0 = Release|Any CPU
		{B20EE96C-8788-404E-AFFF-F307571A8A54}.Debug|Any CPU.ActiveCfg = Debug|Any CPU
		{B20EE96C-8788-404E-AFFF-F307571A8A54}.Debug|Any CPU.Build.0 = Debug|Any CPU
		{B20EE96C-8788-404E-AFFF-F307571A8A54}.Debug|x64.ActiveCfg = Debug|Any CPU
		{B20EE96C-8788-404E-AFFF-F307571A8A54}.Debug|x64.Build.0 = Debug|Any CPU
		{B20EE96C-8788-404E-AFFF-F307571A8A54}.Debug|x86.ActiveCfg = Debug|Any CPU
		{B20EE96C-8788-404E-AFFF-F307571A8A54}.Debug|x86.Build.0 = Debug|Any CPU
		{B20EE96C-8788-404E-AFFF-F307571A8A54}.Release|Any CPU.ActiveCfg = Release|Any CPU
		{B20EE96C-8788-404E-AFFF-F307571A8A54}.Release|Any CPU.Build.0 = Release|Any CPU
		{B20EE96C-8788-404E-AFFF-F307571A8A54}.Release|x64.ActiveCfg = Release|Any CPU
		{B20EE96C-8788-404E-AFFF-F307571A8A54}.Release|x64.Build.0 = Release|Any CPU
		{B20EE96C-8788-404E-AFFF-F307571A8A54}.Release|x86.ActiveCfg = Release|Any CPU
		{B20EE96C-8788-404E-AFFF-F307571A8A54}.Release|x86.Build.0 = Release|Any CPU
	EndGlobalSection
	GlobalSection(SolutionProperties) = preSolution
		HideSolutionNode = FALSE
	EndGlobalSection
	GlobalSection(NestedProjects) = preSolution
		{CF5E90E1-7B7C-45AE-B1C5-60D91DF667AC} = {827E0CD3-B72D-47B6-A68D-7590B98EB39B}
		{563265B4-DDA9-4A01-9047-D0E0DD07F8E8} = {827E0CD3-B72D-47B6-A68D-7590B98EB39B}
		{F3E34369-A7A8-4E86-96A6-9EB447054248} = {827E0CD3-B72D-47B6-A68D-7590B98EB39B}
		{70F7D73E-B0CB-4881-A14C-C6AE65E0AD77} = {827E0CD3-B72D-47B6-A68D-7590B98EB39B}
		{39F15E2C-C0EF-419E-827E-178952E6722B} = {827E0CD3-B72D-47B6-A68D-7590B98EB39B}
		{E23E64B2-CB7C-4F9E-8ABA-68C43F675B5A} = {0AB3BF05-4346-4AA6-1389-037BE0695223}
		{DFACA931-B008-4747-9C0D-1B5A8AA7D921} = {0AB3BF05-4346-4AA6-1389-037BE0695223}
		{B20EE96C-8788-404E-AFFF-F307571A8A54} = {0AB3BF05-4346-4AA6-1389-037BE0695223}
	EndGlobalSection
EndGlobal
